// !$*UTF8*$!
{
	archiveVersion = 1;
	classes = {
	};
	objectVersion = 50;
	objects = {

/* Begin PBXBuildFile section */
		853086CE26C5948000F494D7 /* AppDelegate.swift in Sources */ = {isa = PBXBuildFile; fileRef = 853086CD26C5948000F494D7 /* AppDelegate.swift */; };
		853086D026C5948000F494D7 /* SceneDelegate.swift in Sources */ = {isa = PBXBuildFile; fileRef = 853086CF26C5948000F494D7 /* SceneDelegate.swift */; };
		853086D726C5948400F494D7 /* Assets.xcassets in Resources */ = {isa = PBXBuildFile; fileRef = 853086D626C5948400F494D7 /* Assets.xcassets */; };
		853086DA26C5948400F494D7 /* LaunchScreen.storyboard in Resources */ = {isa = PBXBuildFile; fileRef = 853086D826C5948400F494D7 /* LaunchScreen.storyboard */; };
		8558DAB726CAC99B00C3138B /* Transactions.swift in Sources */ = {isa = PBXBuildFile; fileRef = 8558DAB626CAC99B00C3138B /* Transactions.swift */; };
		8558DAB926CACE8600C3138B /* TransactionController.swift in Sources */ = {isa = PBXBuildFile; fileRef = 8558DAB826CACE8600C3138B /* TransactionController.swift */; };
		8558DABF26CB670C00C3138B /* AccountTableViewCell.swift in Sources */ = {isa = PBXBuildFile; fileRef = 8558DABE26CB670C00C3138B /* AccountTableViewCell.swift */; };
		8558DAC926CB6BBB00C3138B /* TransactionsViewController.swift in Sources */ = {isa = PBXBuildFile; fileRef = 8558DAC826CB6BBB00C3138B /* TransactionsViewController.swift */; };
		8558DACB26CC3AE000C3138B /* TemplateViewController.swift in Sources */ = {isa = PBXBuildFile; fileRef = 8558DACA26CC3AE000C3138B /* TemplateViewController.swift */; };
		8558DACD26CC49B700C3138B /* TransactionTableViewCell.swift in Sources */ = {isa = PBXBuildFile; fileRef = 8558DACC26CC49B700C3138B /* TransactionTableViewCell.swift */; };
		8558DAE226CD6D5600C3138B /* treXisMobileExerciseTests.swift in Sources */ = {isa = PBXBuildFile; fileRef = 8558DAE026CD6D5600C3138B /* treXisMobileExerciseTests.swift */; };
		85E22B3126C6E6C500ACFB1B /* StyleGuide.swift in Sources */ = {isa = PBXBuildFile; fileRef = 85E22B3026C6E6C500ACFB1B /* StyleGuide.swift */; };
		85E22B3326C6E7FA00ACFB1B /* ExponentialOperator.swift in Sources */ = {isa = PBXBuildFile; fileRef = 85E22B3226C6E7FA00ACFB1B /* ExponentialOperator.swift */; };
		85E22B3526C6E9F800ACFB1B /* LoginViewController.swift in Sources */ = {isa = PBXBuildFile; fileRef = 85E22B3426C6E9F800ACFB1B /* LoginViewController.swift */; };
		85E22B5626CA073700ACFB1B /* DashboardViewController.swift in Sources */ = {isa = PBXBuildFile; fileRef = 85E22B5526CA073700ACFB1B /* DashboardViewController.swift */; };
		85E22B5926CA1C9800ACFB1B /* UITextField.swift in Sources */ = {isa = PBXBuildFile; fileRef = 85E22B5826CA1C9800ACFB1B /* UITextField.swift */; };
		85E22B5C26CA2B9400ACFB1B /* UIView.swift in Sources */ = {isa = PBXBuildFile; fileRef = 85E22B5B26CA2B9400ACFB1B /* UIView.swift */; };
		85E22B5F26CAA27E00ACFB1B /* Account.swift in Sources */ = {isa = PBXBuildFile; fileRef = 85E22B5E26CAA27E00ACFB1B /* Account.swift */; };
		85E22B6126CAA7FA00ACFB1B /* AccountController.swift in Sources */ = {isa = PBXBuildFile; fileRef = 85E22B6026CAA7FA00ACFB1B /* AccountController.swift */; };
		85ED5B7726CAC3CB0062E1B0 /* Networking.swift in Sources */ = {isa = PBXBuildFile; fileRef = 85ED5B7326CAC3CB0062E1B0 /* Networking.swift */; };
		85ED5B7826CAC3CB0062E1B0 /* NetworkingResult.swift in Sources */ = {isa = PBXBuildFile; fileRef = 85ED5B7526CAC3CB0062E1B0 /* NetworkingResult.swift */; };
		85ED5B7926CAC3CB0062E1B0 /* NetworkingError.swift in Sources */ = {isa = PBXBuildFile; fileRef = 85ED5B7626CAC3CB0062E1B0 /* NetworkingError.swift */; };
/* End PBXBuildFile section */

/* Begin PBXContainerItemProxy section */
		8558DADB26CD6CB500C3138B /* PBXContainerItemProxy */ = {
			isa = PBXContainerItemProxy;
			containerPortal = 853086C226C5947F00F494D7 /* Project object */;
			proxyType = 1;
			remoteGlobalIDString = 853086C926C5947F00F494D7;
			remoteInfo = treXisMobileExercise;
		};
/* End PBXContainerItemProxy section */

/* Begin PBXFileReference section */
		853086CA26C5948000F494D7 /* treXisMobileExercise.app */ = {isa = PBXFileReference; explicitFileType = wrapper.application; includeInIndex = 0; path = treXisMobileExercise.app; sourceTree = BUILT_PRODUCTS_DIR; };
		853086CD26C5948000F494D7 /* AppDelegate.swift */ = {isa = PBXFileReference; lastKnownFileType = sourcecode.swift; path = AppDelegate.swift; sourceTree = "<group>"; };
		853086CF26C5948000F494D7 /* SceneDelegate.swift */ = {isa = PBXFileReference; lastKnownFileType = sourcecode.swift; path = SceneDelegate.swift; sourceTree = "<group>"; };
		853086D626C5948400F494D7 /* Assets.xcassets */ = {isa = PBXFileReference; lastKnownFileType = folder.assetcatalog; path = Assets.xcassets; sourceTree = "<group>"; };
		853086D926C5948400F494D7 /* Base */ = {isa = PBXFileReference; lastKnownFileType = file.storyboard; name = Base; path = Base.lproj/LaunchScreen.storyboard; sourceTree = "<group>"; };
		853086DB26C5948400F494D7 /* Info.plist */ = {isa = PBXFileReference; lastKnownFileType = text.plist.xml; path = Info.plist; sourceTree = "<group>"; };
		8558DAB626CAC99B00C3138B /* Transactions.swift */ = {isa = PBXFileReference; lastKnownFileType = sourcecode.swift; path = Transactions.swift; sourceTree = "<group>"; };
		8558DAB826CACE8600C3138B /* TransactionController.swift */ = {isa = PBXFileReference; lastKnownFileType = sourcecode.swift; path = TransactionController.swift; sourceTree = "<group>"; };
		8558DABE26CB670C00C3138B /* AccountTableViewCell.swift */ = {isa = PBXFileReference; lastKnownFileType = sourcecode.swift; path = AccountTableViewCell.swift; sourceTree = "<group>"; };
		8558DAC826CB6BBB00C3138B /* TransactionsViewController.swift */ = {isa = PBXFileReference; lastKnownFileType = sourcecode.swift; path = TransactionsViewController.swift; sourceTree = "<group>"; };
		8558DACA26CC3AE000C3138B /* TemplateViewController.swift */ = {isa = PBXFileReference; lastKnownFileType = sourcecode.swift; path = TemplateViewController.swift; sourceTree = "<group>"; };
		8558DACC26CC49B700C3138B /* TransactionTableViewCell.swift */ = {isa = PBXFileReference; lastKnownFileType = sourcecode.swift; path = TransactionTableViewCell.swift; sourceTree = "<group>"; };
		8558DAD626CD6CB400C3138B /* treXisMobileExerciseTests.xctest */ = {isa = PBXFileReference; explicitFileType = wrapper.cfbundle; includeInIndex = 0; path = treXisMobileExerciseTests.xctest; sourceTree = BUILT_PRODUCTS_DIR; };
		8558DAE026CD6D5600C3138B /* treXisMobileExerciseTests.swift */ = {isa = PBXFileReference; fileEncoding = 4; lastKnownFileType = sourcecode.swift; path = treXisMobileExerciseTests.swift; sourceTree = "<group>"; };
		8558DAE126CD6D5600C3138B /* Info.plist */ = {isa = PBXFileReference; fileEncoding = 4; lastKnownFileType = text.plist.xml; path = Info.plist; sourceTree = "<group>"; };
		85E22B3026C6E6C500ACFB1B /* StyleGuide.swift */ = {isa = PBXFileReference; lastKnownFileType = sourcecode.swift; path = StyleGuide.swift; sourceTree = "<group>"; };
		85E22B3226C6E7FA00ACFB1B /* ExponentialOperator.swift */ = {isa = PBXFileReference; lastKnownFileType = sourcecode.swift; path = ExponentialOperator.swift; sourceTree = "<group>"; };
		85E22B3426C6E9F800ACFB1B /* LoginViewController.swift */ = {isa = PBXFileReference; lastKnownFileType = sourcecode.swift; path = LoginViewController.swift; sourceTree = "<group>"; };
		85E22B5526CA073700ACFB1B /* DashboardViewController.swift */ = {isa = PBXFileReference; lastKnownFileType = sourcecode.swift; path = DashboardViewController.swift; sourceTree = "<group>"; };
		85E22B5826CA1C9800ACFB1B /* UITextField.swift */ = {isa = PBXFileReference; lastKnownFileType = sourcecode.swift; path = UITextField.swift; sourceTree = "<group>"; };
		85E22B5B26CA2B9400ACFB1B /* UIView.swift */ = {isa = PBXFileReference; lastKnownFileType = sourcecode.swift; path = UIView.swift; sourceTree = "<group>"; };
		85E22B5E26CAA27E00ACFB1B /* Account.swift */ = {isa = PBXFileReference; lastKnownFileType = sourcecode.swift; path = Account.swift; sourceTree = "<group>"; };
		85E22B6026CAA7FA00ACFB1B /* AccountController.swift */ = {isa = PBXFileReference; lastKnownFileType = sourcecode.swift; path = AccountController.swift; sourceTree = "<group>"; };
		85ED5B7326CAC3CB0062E1B0 /* Networking.swift */ = {isa = PBXFileReference; fileEncoding = 4; lastKnownFileType = sourcecode.swift; path = Networking.swift; sourceTree = "<group>"; };
		85ED5B7526CAC3CB0062E1B0 /* NetworkingResult.swift */ = {isa = PBXFileReference; fileEncoding = 4; lastKnownFileType = sourcecode.swift; path = NetworkingResult.swift; sourceTree = "<group>"; };
		85ED5B7626CAC3CB0062E1B0 /* NetworkingError.swift */ = {isa = PBXFileReference; fileEncoding = 4; lastKnownFileType = sourcecode.swift; path = NetworkingError.swift; sourceTree = "<group>"; };
/* End PBXFileReference section */

/* Begin PBXFrameworksBuildPhase section */
		853086C726C5947F00F494D7 /* Frameworks */ = {
			isa = PBXFrameworksBuildPhase;
			buildActionMask = 2147483647;
			files = (
			);
			runOnlyForDeploymentPostprocessing = 0;
		};
		8558DAD326CD6CB400C3138B /* Frameworks */ = {
			isa = PBXFrameworksBuildPhase;
			buildActionMask = 2147483647;
			files = (
			);
			runOnlyForDeploymentPostprocessing = 0;
		};
/* End PBXFrameworksBuildPhase section */

/* Begin PBXGroup section */
		853086C126C5947F00F494D7 = {
			isa = PBXGroup;
			children = (
				853086CC26C5948000F494D7 /* treXisMobileExercise */,
				8558DAD726CD6CB500C3138B /* treXisMobileExerciseTests */,
				853086CB26C5948000F494D7 /* Products */,
			);
			sourceTree = "<group>";
		};
		853086CB26C5948000F494D7 /* Products */ = {
			isa = PBXGroup;
			children = (
				853086CA26C5948000F494D7 /* treXisMobileExercise.app */,
				8558DAD626CD6CB400C3138B /* treXisMobileExerciseTests.xctest */,
			);
			name = Products;
			sourceTree = "<group>";
		};
		853086CC26C5948000F494D7 /* treXisMobileExercise */ = {
			isa = PBXGroup;
			children = (
				85ED5B7226CAC3CB0062E1B0 /* Network */,
				8558DAC126CB67A600C3138B /* Models */,
				8558DAC226CB67AD00C3138B /* Views */,
				8558DAC326CB67B400C3138B /* Controllers */,
				85E22B1B26C610D600ACFB1B /* AppWideHelpers */,
				853086FD26C5949F00F494D7 /* Resources */,
			);
			path = treXisMobileExercise;
			sourceTree = "<group>";
		};
		853086FD26C5949F00F494D7 /* Resources */ = {
			isa = PBXGroup;
			children = (
				85E22B3026C6E6C500ACFB1B /* StyleGuide.swift */,
				853086CD26C5948000F494D7 /* AppDelegate.swift */,
				853086CF26C5948000F494D7 /* SceneDelegate.swift */,
				853086D626C5948400F494D7 /* Assets.xcassets */,
				853086D826C5948400F494D7 /* LaunchScreen.storyboard */,
				853086DB26C5948400F494D7 /* Info.plist */,
			);
			path = Resources;
			sourceTree = "<group>";
		};
		8558DAC126CB67A600C3138B /* Models */ = {
			isa = PBXGroup;
			children = (
				85E22B5E26CAA27E00ACFB1B /* Account.swift */,
				8558DAB626CAC99B00C3138B /* Transactions.swift */,
			);
			path = Models;
			sourceTree = "<group>";
		};
		8558DAC226CB67AD00C3138B /* Views */ = {
			isa = PBXGroup;
			children = (
				8558DABE26CB670C00C3138B /* AccountTableViewCell.swift */,
				8558DACC26CC49B700C3138B /* TransactionTableViewCell.swift */,
			);
			path = Views;
			sourceTree = "<group>";
		};
		8558DAC326CB67B400C3138B /* Controllers */ = {
			isa = PBXGroup;
			children = (
				8558DAC526CB67F600C3138B /* ModelControllers */,
				8558DAC426CB67D400C3138B /* ViewControllers */,
			);
			path = Controllers;
			sourceTree = "<group>";
		};
		8558DAC426CB67D400C3138B /* ViewControllers */ = {
			isa = PBXGroup;
			children = (
				85E22B3426C6E9F800ACFB1B /* LoginViewController.swift */,
				8558DACA26CC3AE000C3138B /* TemplateViewController.swift */,
				85E22B5526CA073700ACFB1B /* DashboardViewController.swift */,
				8558DAC826CB6BBB00C3138B /* TransactionsViewController.swift */,
			);
			path = ViewControllers;
			sourceTree = "<group>";
		};
		8558DAC526CB67F600C3138B /* ModelControllers */ = {
			isa = PBXGroup;
			children = (
				85E22B6026CAA7FA00ACFB1B /* AccountController.swift */,
				8558DAB826CACE8600C3138B /* TransactionController.swift */,
			);
			path = ModelControllers;
			sourceTree = "<group>";
		};
		8558DAD726CD6CB500C3138B /* treXisMobileExerciseTests */ = {
			isa = PBXGroup;
			children = (
				8558DAE626CD787900C3138B /* Network */,
				8558DAE126CD6D5600C3138B /* Info.plist */,
			);
			path = treXisMobileExerciseTests;
			sourceTree = "<group>";
		};
		8558DAE626CD787900C3138B /* Network */ = {
			isa = PBXGroup;
			children = (
				8558DAE026CD6D5600C3138B /* treXisMobileExerciseTests.swift */,
			);
			path = Network;
			sourceTree = "<group>";
		};
		85E22B1B26C610D600ACFB1B /* AppWideHelpers */ = {
			isa = PBXGroup;
			children = (
				85E22B3226C6E7FA00ACFB1B /* ExponentialOperator.swift */,
				85E22B5826CA1C9800ACFB1B /* UITextField.swift */,
				85E22B5B26CA2B9400ACFB1B /* UIView.swift */,
			);
			path = AppWideHelpers;
			sourceTree = "<group>";
		};
		85ED5B7226CAC3CB0062E1B0 /* Network */ = {
			isa = PBXGroup;
			children = (
				85ED5B7326CAC3CB0062E1B0 /* Networking.swift */,
				85ED5B7526CAC3CB0062E1B0 /* NetworkingResult.swift */,
				85ED5B7626CAC3CB0062E1B0 /* NetworkingError.swift */,
			);
			path = Network;
			sourceTree = "<group>";
		};
/* End PBXGroup section */

/* Begin PBXNativeTarget section */
		853086C926C5947F00F494D7 /* treXisMobileExercise */ = {
			isa = PBXNativeTarget;
			buildConfigurationList = 853086F426C5948500F494D7 /* Build configuration list for PBXNativeTarget "treXisMobileExercise" */;
			buildPhases = (
				853086C626C5947F00F494D7 /* Sources */,
				853086C726C5947F00F494D7 /* Frameworks */,
				853086C826C5947F00F494D7 /* Resources */,
			);
			buildRules = (
			);
			dependencies = (
			);
			name = treXisMobileExercise;
			productName = treXisMobileExercise;
			productReference = 853086CA26C5948000F494D7 /* treXisMobileExercise.app */;
			productType = "com.apple.product-type.application";
		};
		8558DAD526CD6CB400C3138B /* treXisMobileExerciseTests */ = {
			isa = PBXNativeTarget;
			buildConfigurationList = 8558DADD26CD6CB500C3138B /* Build configuration list for PBXNativeTarget "treXisMobileExerciseTests" */;
			buildPhases = (
				8558DAD226CD6CB400C3138B /* Sources */,
				8558DAD326CD6CB400C3138B /* Frameworks */,
				8558DAD426CD6CB400C3138B /* Resources */,
			);
			buildRules = (
			);
			dependencies = (
				8558DADC26CD6CB500C3138B /* PBXTargetDependency */,
			);
			name = treXisMobileExerciseTests;
			productName = treXisMobileExerciseTests;
			productReference = 8558DAD626CD6CB400C3138B /* treXisMobileExerciseTests.xctest */;
			productType = "com.apple.product-type.bundle.unit-test";
		};
/* End PBXNativeTarget section */

/* Begin PBXProject section */
		853086C226C5947F00F494D7 /* Project object */ = {
			isa = PBXProject;
			attributes = {
				LastSwiftUpdateCheck = 1250;
				LastUpgradeCheck = 1250;
				TargetAttributes = {
					853086C926C5947F00F494D7 = {
						CreatedOnToolsVersion = 12.5.1;
					};
					8558DAD526CD6CB400C3138B = {
						CreatedOnToolsVersion = 12.5.1;
						LastSwiftMigration = 1250;
						TestTargetID = 853086C926C5947F00F494D7;
					};
				};
			};
			buildConfigurationList = 853086C526C5947F00F494D7 /* Build configuration list for PBXProject "treXisMobileExercise" */;
			compatibilityVersion = "Xcode 9.3";
			developmentRegion = en;
			hasScannedForEncodings = 0;
			knownRegions = (
				en,
				Base,
			);
			mainGroup = 853086C126C5947F00F494D7;
			productRefGroup = 853086CB26C5948000F494D7 /* Products */;
			projectDirPath = "";
			projectRoot = "";
			targets = (
				853086C926C5947F00F494D7 /* treXisMobileExercise */,
				8558DAD526CD6CB400C3138B /* treXisMobileExerciseTests */,
			);
		};
/* End PBXProject section */

/* Begin PBXResourcesBuildPhase section */
		853086C826C5947F00F494D7 /* Resources */ = {
			isa = PBXResourcesBuildPhase;
			buildActionMask = 2147483647;
			files = (
				853086DA26C5948400F494D7 /* LaunchScreen.storyboard in Resources */,
				853086D726C5948400F494D7 /* Assets.xcassets in Resources */,
			);
			runOnlyForDeploymentPostprocessing = 0;
		};
		8558DAD426CD6CB400C3138B /* Resources */ = {
			isa = PBXResourcesBuildPhase;
			buildActionMask = 2147483647;
			files = (
			);
			runOnlyForDeploymentPostprocessing = 0;
		};
/* End PBXResourcesBuildPhase section */

/* Begin PBXSourcesBuildPhase section */
		853086C626C5947F00F494D7 /* Sources */ = {
			isa = PBXSourcesBuildPhase;
			buildActionMask = 2147483647;
			files = (
				853086CE26C5948000F494D7 /* AppDelegate.swift in Sources */,
				85E22B5926CA1C9800ACFB1B /* UITextField.swift in Sources */,
				8558DAB926CACE8600C3138B /* TransactionController.swift in Sources */,
				8558DAB726CAC99B00C3138B /* Transactions.swift in Sources */,
				85ED5B7926CAC3CB0062E1B0 /* NetworkingError.swift in Sources */,
				8558DAC926CB6BBB00C3138B /* TransactionsViewController.swift in Sources */,
				85E22B5626CA073700ACFB1B /* DashboardViewController.swift in Sources */,
				853086D026C5948000F494D7 /* SceneDelegate.swift in Sources */,
				8558DACB26CC3AE000C3138B /* TemplateViewController.swift in Sources */,
				85E22B5F26CAA27E00ACFB1B /* Account.swift in Sources */,
				8558DACD26CC49B700C3138B /* TransactionTableViewCell.swift in Sources */,
				85E22B3126C6E6C500ACFB1B /* StyleGuide.swift in Sources */,
				85E22B3526C6E9F800ACFB1B /* LoginViewController.swift in Sources */,
				8558DABF26CB670C00C3138B /* AccountTableViewCell.swift in Sources */,
				85E22B5C26CA2B9400ACFB1B /* UIView.swift in Sources */,
				85E22B6126CAA7FA00ACFB1B /* AccountController.swift in Sources */,
				85E22B3326C6E7FA00ACFB1B /* ExponentialOperator.swift in Sources */,
				85ED5B7826CAC3CB0062E1B0 /* NetworkingResult.swift in Sources */,
				85ED5B7726CAC3CB0062E1B0 /* Networking.swift in Sources */,
			);
			runOnlyForDeploymentPostprocessing = 0;
		};
		8558DAD226CD6CB400C3138B /* Sources */ = {
			isa = PBXSourcesBuildPhase;
			buildActionMask = 2147483647;
			files = (
				8558DAE226CD6D5600C3138B /* treXisMobileExerciseTests.swift in Sources */,
			);
			runOnlyForDeploymentPostprocessing = 0;
		};
/* End PBXSourcesBuildPhase section */

/* Begin PBXTargetDependency section */
		8558DADC26CD6CB500C3138B /* PBXTargetDependency */ = {
			isa = PBXTargetDependency;
			target = 853086C926C5947F00F494D7 /* treXisMobileExercise */;
			targetProxy = 8558DADB26CD6CB500C3138B /* PBXContainerItemProxy */;
		};
/* End PBXTargetDependency section */

/* Begin PBXVariantGroup section */
		853086D826C5948400F494D7 /* LaunchScreen.storyboard */ = {
			isa = PBXVariantGroup;
			children = (
				853086D926C5948400F494D7 /* Base */,
			);
			name = LaunchScreen.storyboard;
			sourceTree = "<group>";
		};
/* End PBXVariantGroup section */

/* Begin XCBuildConfiguration section */
		853086F226C5948500F494D7 /* Debug */ = {
			isa = XCBuildConfiguration;
			buildSettings = {
				ALWAYS_SEARCH_USER_PATHS = NO;
				CLANG_ANALYZER_NONNULL = YES;
				CLANG_ANALYZER_NUMBER_OBJECT_CONVERSION = YES_AGGRESSIVE;
				CLANG_CXX_LANGUAGE_STANDARD = "gnu++14";
				CLANG_CXX_LIBRARY = "libc++";
				CLANG_ENABLE_MODULES = YES;
				CLANG_ENABLE_OBJC_ARC = YES;
				CLANG_ENABLE_OBJC_WEAK = YES;
				CLANG_WARN_BLOCK_CAPTURE_AUTORELEASING = YES;
				CLANG_WARN_BOOL_CONVERSION = YES;
				CLANG_WARN_COMMA = YES;
				CLANG_WARN_CONSTANT_CONVERSION = YES;
				CLANG_WARN_DEPRECATED_OBJC_IMPLEMENTATIONS = YES;
				CLANG_WARN_DIRECT_OBJC_ISA_USAGE = YES_ERROR;
				CLANG_WARN_DOCUMENTATION_COMMENTS = YES;
				CLANG_WARN_EMPTY_BODY = YES;
				CLANG_WARN_ENUM_CONVERSION = YES;
				CLANG_WARN_INFINITE_RECURSION = YES;
				CLANG_WARN_INT_CONVERSION = YES;
				CLANG_WARN_NON_LITERAL_NULL_CONVERSION = YES;
				CLANG_WARN_OBJC_IMPLICIT_RETAIN_SELF = YES;
				CLANG_WARN_OBJC_LITERAL_CONVERSION = YES;
				CLANG_WARN_OBJC_ROOT_CLASS = YES_ERROR;
				CLANG_WARN_QUOTED_INCLUDE_IN_FRAMEWORK_HEADER = YES;
				CLANG_WARN_RANGE_LOOP_ANALYSIS = YES;
				CLANG_WARN_STRICT_PROTOTYPES = YES;
				CLANG_WARN_SUSPICIOUS_MOVE = YES;
				CLANG_WARN_UNGUARDED_AVAILABILITY = YES_AGGRESSIVE;
				CLANG_WARN_UNREACHABLE_CODE = YES;
				CLANG_WARN__DUPLICATE_METHOD_MATCH = YES;
				COPY_PHASE_STRIP = NO;
				DEBUG_INFORMATION_FORMAT = dwarf;
				ENABLE_STRICT_OBJC_MSGSEND = YES;
				ENABLE_TESTABILITY = YES;
				GCC_C_LANGUAGE_STANDARD = gnu11;
				GCC_DYNAMIC_NO_PIC = NO;
				GCC_NO_COMMON_BLOCKS = YES;
				GCC_OPTIMIZATION_LEVEL = 0;
				GCC_PREPROCESSOR_DEFINITIONS = (
					"DEBUG=1",
					"$(inherited)",
				);
				GCC_WARN_64_TO_32_BIT_CONVERSION = YES;
				GCC_WARN_ABOUT_RETURN_TYPE = YES_ERROR;
				GCC_WARN_UNDECLARED_SELECTOR = YES;
				GCC_WARN_UNINITIALIZED_AUTOS = YES_AGGRESSIVE;
				GCC_WARN_UNUSED_FUNCTION = YES;
				GCC_WARN_UNUSED_VARIABLE = YES;
				IPHONEOS_DEPLOYMENT_TARGET = 14.5;
				MTL_ENABLE_DEBUG_INFO = INCLUDE_SOURCE;
				MTL_FAST_MATH = YES;
				ONLY_ACTIVE_ARCH = YES;
				SDKROOT = iphoneos;
				SWIFT_ACTIVE_COMPILATION_CONDITIONS = DEBUG;
				SWIFT_OPTIMIZATION_LEVEL = "-Onone";
			};
			name = Debug;
		};
		853086F326C5948500F494D7 /* Release */ = {
			isa = XCBuildConfiguration;
			buildSettings = {
				ALWAYS_SEARCH_USER_PATHS = NO;
				CLANG_ANALYZER_NONNULL = YES;
				CLANG_ANALYZER_NUMBER_OBJECT_CONVERSION = YES_AGGRESSIVE;
				CLANG_CXX_LANGUAGE_STANDARD = "gnu++14";
				CLANG_CXX_LIBRARY = "libc++";
				CLANG_ENABLE_MODULES = YES;
				CLANG_ENABLE_OBJC_ARC = YES;
				CLANG_ENABLE_OBJC_WEAK = YES;
				CLANG_WARN_BLOCK_CAPTURE_AUTORELEASING = YES;
				CLANG_WARN_BOOL_CONVERSION = YES;
				CLANG_WARN_COMMA = YES;
				CLANG_WARN_CONSTANT_CONVERSION = YES;
				CLANG_WARN_DEPRECATED_OBJC_IMPLEMENTATIONS = YES;
				CLANG_WARN_DIRECT_OBJC_ISA_USAGE = YES_ERROR;
				CLANG_WARN_DOCUMENTATION_COMMENTS = YES;
				CLANG_WARN_EMPTY_BODY = YES;
				CLANG_WARN_ENUM_CONVERSION = YES;
				CLANG_WARN_INFINITE_RECURSION = YES;
				CLANG_WARN_INT_CONVERSION = YES;
				CLANG_WARN_NON_LITERAL_NULL_CONVERSION = YES;
				CLANG_WARN_OBJC_IMPLICIT_RETAIN_SELF = YES;
				CLANG_WARN_OBJC_LITERAL_CONVERSION = YES;
				CLANG_WARN_OBJC_ROOT_CLASS = YES_ERROR;
				CLANG_WARN_QUOTED_INCLUDE_IN_FRAMEWORK_HEADER = YES;
				CLANG_WARN_RANGE_LOOP_ANALYSIS = YES;
				CLANG_WARN_STRICT_PROTOTYPES = YES;
				CLANG_WARN_SUSPICIOUS_MOVE = YES;
				CLANG_WARN_UNGUARDED_AVAILABILITY = YES_AGGRESSIVE;
				CLANG_WARN_UNREACHABLE_CODE = YES;
				CLANG_WARN__DUPLICATE_METHOD_MATCH = YES;
				COPY_PHASE_STRIP = NO;
				DEBUG_INFORMATION_FORMAT = "dwarf-with-dsym";
				ENABLE_NS_ASSERTIONS = NO;
				ENABLE_STRICT_OBJC_MSGSEND = YES;
				GCC_C_LANGUAGE_STANDARD = gnu11;
				GCC_NO_COMMON_BLOCKS = YES;
				GCC_WARN_64_TO_32_BIT_CONVERSION = YES;
				GCC_WARN_ABOUT_RETURN_TYPE = YES_ERROR;
				GCC_WARN_UNDECLARED_SELECTOR = YES;
				GCC_WARN_UNINITIALIZED_AUTOS = YES_AGGRESSIVE;
				GCC_WARN_UNUSED_FUNCTION = YES;
				GCC_WARN_UNUSED_VARIABLE = YES;
				IPHONEOS_DEPLOYMENT_TARGET = 14.5;
				MTL_ENABLE_DEBUG_INFO = NO;
				MTL_FAST_MATH = YES;
				SDKROOT = iphoneos;
				SWIFT_COMPILATION_MODE = wholemodule;
				SWIFT_OPTIMIZATION_LEVEL = "-O";
				VALIDATE_PRODUCT = YES;
			};
			name = Release;
		};
		853086F526C5948500F494D7 /* Debug */ = {
			isa = XCBuildConfiguration;
			buildSettings = {
				ASSETCATALOG_COMPILER_APPICON_NAME = AppIcon;
				ASSETCATALOG_COMPILER_GLOBAL_ACCENT_COLOR_NAME = AccentColor;
				CODE_SIGN_STYLE = Automatic;
				DEVELOPMENT_TEAM = YY8J3FPYX8;
				INFOPLIST_FILE = treXisMobileExercise/Resources/Info.plist;
				LD_RUNPATH_SEARCH_PATHS = (
					"$(inherited)",
					"@executable_path/Frameworks",
				);
				PRODUCT_BUNDLE_IDENTIFIER = com.timothyrosenvall.treXisMobileExercise;
				PRODUCT_NAME = "$(TARGET_NAME)";
				SWIFT_VERSION = 5.0;
				TARGETED_DEVICE_FAMILY = 1;
			};
			name = Debug;
		};
		853086F626C5948500F494D7 /* Release */ = {
			isa = XCBuildConfiguration;
			buildSettings = {
				ASSETCATALOG_COMPILER_APPICON_NAME = AppIcon;
				ASSETCATALOG_COMPILER_GLOBAL_ACCENT_COLOR_NAME = AccentColor;
				CODE_SIGN_STYLE = Automatic;
				DEVELOPMENT_TEAM = YY8J3FPYX8;
				INFOPLIST_FILE = treXisMobileExercise/Resources/Info.plist;
				LD_RUNPATH_SEARCH_PATHS = (
					"$(inherited)",
					"@executable_path/Frameworks",
				);
				PRODUCT_BUNDLE_IDENTIFIER = com.timothyrosenvall.treXisMobileExercise;
				PRODUCT_NAME = "$(TARGET_NAME)";
				SWIFT_VERSION = 5.0;
				TARGETED_DEVICE_FAMILY = 1;
			};
			name = Release;
		};
		8558DADE26CD6CB500C3138B /* Debug */ = {
			isa = XCBuildConfiguration;
			buildSettings = {
				BUNDLE_LOADER = "$(TEST_HOST)";
				CLANG_ENABLE_MODULES = YES;
				CODE_SIGN_STYLE = Automatic;
				DEVELOPMENT_TEAM = YY8J3FPYX8;
				INFOPLIST_FILE = treXisMobileExerciseTests/Info.plist;
				LD_RUNPATH_SEARCH_PATHS = (
					"$(inherited)",
					"@executable_path/Frameworks",
					"@loader_path/Frameworks",
				);
				PRODUCT_BUNDLE_IDENTIFIER = com.timothyrosenvall.treXisMobileExerciseTests;
				PRODUCT_NAME = "$(TARGET_NAME)";
				SWIFT_OPTIMIZATION_LEVEL = "-Onone";
				SWIFT_VERSION = 5.0;
				TARGETED_DEVICE_FAMILY = "1,2";
				TEST_HOST = "$(BUILT_PRODUCTS_DIR)/treXisMobileExercise.app/treXisMobileExercise";
			};
			name = Debug;
		};
		8558DADF26CD6CB500C3138B /* Release */ = {
			isa = XCBuildConfiguration;
			buildSettings = {
				BUNDLE_LOADER = "$(TEST_HOST)";
				CLANG_ENABLE_MODULES = YES;
				CODE_SIGN_STYLE = Automatic;
				DEVELOPMENT_TEAM = YY8J3FPYX8;
				INFOPLIST_FILE = treXisMobileExerciseTests/Info.plist;
				LD_RUNPATH_SEARCH_PATHS = (
					"$(inherited)",
					"@executable_path/Frameworks",
					"@loader_path/Frameworks",
				);
				PRODUCT_BUNDLE_IDENTIFIER = com.timothyrosenvall.treXisMobileExerciseTests;
				PRODUCT_NAME = "$(TARGET_NAME)";
				SWIFT_VERSION = 5.0;
				TARGETED_DEVICE_FAMILY = "1,2";
				TEST_HOST = "$(BUILT_PRODUCTS_DIR)/treXisMobileExercise.app/treXisMobileExercise";
			};
			name = Release;
		};
/* End XCBuildConfiguration section */

/* Begin XCConfigurationList section */
		853086C526C5947F00F494D7 /* Build configuration list for PBXProject "treXisMobileExercise" */ = {
			isa = XCConfigurationList;
			buildConfigurations = (
				853086F226C5948500F494D7 /* Debug */,
				853086F326C5948500F494D7 /* Release */,
			);
			defaultConfigurationIsVisible = 0;
			defaultConfigurationName = Release;
		};
		853086F426C5948500F494D7 /* Build configuration list for PBXNativeTarget "treXisMobileExercise" */ = {
			isa = XCConfigurationList;
			buildConfigurations = (
				853086F526C5948500F494D7 /* Debug */,
				853086F626C5948500F494D7 /* Release */,
			);
			defaultConfigurationIsVisible = 0;
			defaultConfigurationName = Release;
		};
		8558DADD26CD6CB500C3138B /* Build configuration list for PBXNativeTarget "treXisMobileExerciseTests" */ = {
			isa = XCConfigurationList;
			buildConfigurations = (
				8558DADE26CD6CB500C3138B /* Debug */,
				8558DADF26CD6CB500C3138B /* Release */,
			);
			defaultConfigurationIsVisible = 0;
			defaultConfigurationName = Release;
		};
/* End XCConfigurationList section */
	};
	rootObject = 853086C226C5947F00F494D7 /* Project object */;
}
